// !$*UTF8*$!
{
	archiveVersion = 1;
	classes = {
	};
	objectVersion = 46;
	objects = {

/* Begin PBXBuildFile section */
		D92A33A317F2FA0C0052C93D /* EKAvoidingInsetCalculator.h in Headers */ = {isa = PBXBuildFile; fileRef = D92A33A117F2FA0C0052C93D /* EKAvoidingInsetCalculator.h */; };
		D92A33A417F2FA0C0052C93D /* EKAvoidingInsetCalculator.m in Sources */ = {isa = PBXBuildFile; fileRef = D92A33A217F2FA0C0052C93D /* EKAvoidingInsetCalculator.m */; };
		D92A33AB17F4246A0052C93D /* ContentInsetsCalculationTest.m in Sources */ = {isa = PBXBuildFile; fileRef = D92A33AA17F4246A0052C93D /* ContentInsetsCalculationTest.m */; };
		D94172B517E8F4DE00C9DB01 /* EKKeyboardAvoidingProvider.h in Headers */ = {isa = PBXBuildFile; fileRef = D94172B317E8F4DE00C9DB01 /* EKKeyboardAvoidingProvider.h */; };
		D94172B617E8F4DE00C9DB01 /* EKKeyboardAvoidingProvider.m in Sources */ = {isa = PBXBuildFile; fileRef = D94172B417E8F4DE00C9DB01 /* EKKeyboardAvoidingProvider.m */; };
		D946965E17F98BFB00DE2921 /* NSObject+EKKeyboardAvoiding.h in Headers */ = {isa = PBXBuildFile; fileRef = D946965C17F98BFB00DE2921 /* NSObject+EKKeyboardAvoiding.h */; };
		D946965F17F98BFB00DE2921 /* NSObject+EKKeyboardAvoiding.m in Sources */ = {isa = PBXBuildFile; fileRef = D946965D17F98BFB00DE2921 /* NSObject+EKKeyboardAvoiding.m */; };
		D951C81717F452E100B972D6 /* UIScrollView+EKKeyboardAvoiding.h in CopyFiles */ = {isa = PBXBuildFile; fileRef = D9D5B2AB17E8F38600B8184E /* UIScrollView+EKKeyboardAvoiding.h */; };
		D988E8E5180496E900F3D6C0 /* EKKeyboardFrameListener.h in Headers */ = {isa = PBXBuildFile; fileRef = D988E8E3180496E900F3D6C0 /* EKKeyboardFrameListener.h */; };
		D988E8E6180496E900F3D6C0 /* EKKeyboardFrameListener.m in Sources */ = {isa = PBXBuildFile; fileRef = D988E8E4180496E900F3D6C0 /* EKKeyboardFrameListener.m */; };
		D9AB8735181EE8D7001CB5B9 /* EKFakeKeyboardFrameListener.h in Headers */ = {isa = PBXBuildFile; fileRef = D9AB8733181EE8D7001CB5B9 /* EKFakeKeyboardFrameListener.h */; };
		D9AB8737181EE8D7001CB5B9 /* EKFakeKeyboardFrameListener.m in Sources */ = {isa = PBXBuildFile; fileRef = D9AB8734181EE8D7001CB5B9 /* EKFakeKeyboardFrameListener.m */; };
		D9B59BC8182989DA00CA251C /* ContenInsetRotationTest.m in Sources */ = {isa = PBXBuildFile; fileRef = D9AAB5A51821A74500B17A74 /* ContenInsetRotationTest.m */; };
		D9C7141B18366E4700BA9FFB /* EKAvoidingInsetCalculatorTest.m in Sources */ = {isa = PBXBuildFile; fileRef = D9C7141A18366E4700BA9FFB /* EKAvoidingInsetCalculatorTest.m */; };
		D9C7141C1836768800BA9FFB /* EKFakeKeyboard.m in Sources */ = {isa = PBXBuildFile; fileRef = D94CFAB41805ED53002CD9F1 /* EKFakeKeyboard.m */; };
		D9C7141D183679F600BA9FFB /* UIScrollView+EKKeyboardAvoiding.m in Sources */ = {isa = PBXBuildFile; fileRef = D9D5B2AC17E8F38600B8184E /* UIScrollView+EKKeyboardAvoiding.m */; };
		D9C7141E183679F600BA9FFB /* NSObject+EKKeyboardAvoiding.m in Sources */ = {isa = PBXBuildFile; fileRef = D946965D17F98BFB00DE2921 /* NSObject+EKKeyboardAvoiding.m */; };
		D9C7141F183679F600BA9FFB /* EKKeyboardAvoidingProvider.m in Sources */ = {isa = PBXBuildFile; fileRef = D94172B417E8F4DE00C9DB01 /* EKKeyboardAvoidingProvider.m */; };
		D9C71420183679F600BA9FFB /* EKAvoidingInsetCalculator.m in Sources */ = {isa = PBXBuildFile; fileRef = D92A33A217F2FA0C0052C93D /* EKAvoidingInsetCalculator.m */; };
		D9C71421183679F600BA9FFB /* EKKeyboardFrameListener.m in Sources */ = {isa = PBXBuildFile; fileRef = D988E8E4180496E900F3D6C0 /* EKKeyboardFrameListener.m */; };
		D9D5B2AD17E8F38600B8184E /* UIScrollView+EKKeyboardAvoiding.h in Headers */ = {isa = PBXBuildFile; fileRef = D9D5B2AB17E8F38600B8184E /* UIScrollView+EKKeyboardAvoiding.h */; settings = {ATTRIBUTES = (Public, ); }; };
		D9D5B2AE17E8F38600B8184E /* UIScrollView+EKKeyboardAvoiding.m in Sources */ = {isa = PBXBuildFile; fileRef = D9D5B2AC17E8F38600B8184E /* UIScrollView+EKKeyboardAvoiding.m */; };
		D9E868C8171BEC5C00728839 /* EKKeyboardAvoiding-Prefix.pch in Headers */ = {isa = PBXBuildFile; fileRef = D9E868C2171BEC5C00728839 /* EKKeyboardAvoiding-Prefix.pch */; };
		D9F3BB35166F4B8A00F0DEAE /* Foundation.framework in Frameworks */ = {isa = PBXBuildFile; fileRef = D9F3BB34166F4B8A00F0DEAE /* Foundation.framework */; };
		D9F906C217F2D64D00BDDF5F /* XCTest.framework in Frameworks */ = {isa = PBXBuildFile; fileRef = D9F906C117F2D64D00BDDF5F /* XCTest.framework */; };
		D9F906C317F2D64D00BDDF5F /* Foundation.framework in Frameworks */ = {isa = PBXBuildFile; fileRef = D9F3BB34166F4B8A00F0DEAE /* Foundation.framework */; };
		D9F906C517F2D64D00BDDF5F /* UIKit.framework in Frameworks */ = {isa = PBXBuildFile; fileRef = D9F906C417F2D64D00BDDF5F /* UIKit.framework */; };
		D9F906CB17F2D64D00BDDF5F /* InfoPlist.strings in Resources */ = {isa = PBXBuildFile; fileRef = D9F906C917F2D64D00BDDF5F /* InfoPlist.strings */; };
/* End PBXBuildFile section */

/* Begin PBXContainerItemProxy section */
		D9F906CF17F2D64D00BDDF5F /* PBXContainerItemProxy */ = {
			isa = PBXContainerItemProxy;
			containerPortal = D9F3BB28166F4B8A00F0DEAE /* Project object */;
			proxyType = 1;
			remoteGlobalIDString = D9F3BB30166F4B8A00F0DEAE;
			remoteInfo = EKKeyboardAvoiding;
		};
/* End PBXContainerItemProxy section */

/* Begin PBXCopyFilesBuildPhase section */
		D9F3BB2F166F4B8A00F0DEAE /* CopyFiles */ = {
			isa = PBXCopyFilesBuildPhase;
			buildActionMask = 2147483647;
			dstPath = "include/${PRODUCT_NAME}";
			dstSubfolderSpec = 16;
			files = (
				D951C81717F452E100B972D6 /* UIScrollView+EKKeyboardAvoiding.h in CopyFiles */,
			);
			runOnlyForDeploymentPostprocessing = 0;
		};
/* End PBXCopyFilesBuildPhase section */

/* Begin PBXFileReference section */
		D92A33A117F2FA0C0052C93D /* EKAvoidingInsetCalculator.h */ = {isa = PBXFileReference; fileEncoding = 4; lastKnownFileType = sourcecode.c.h; path = EKAvoidingInsetCalculator.h; sourceTree = "<group>"; };
		D92A33A217F2FA0C0052C93D /* EKAvoidingInsetCalculator.m */ = {isa = PBXFileReference; fileEncoding = 4; lastKnownFileType = sourcecode.c.objc; path = EKAvoidingInsetCalculator.m; sourceTree = "<group>"; };
		D92A33AA17F4246A0052C93D /* ContentInsetsCalculationTest.m */ = {isa = PBXFileReference; fileEncoding = 4; lastKnownFileType = sourcecode.c.objc; path = ContentInsetsCalculationTest.m; sourceTree = "<group>"; };
		D94172B317E8F4DE00C9DB01 /* EKKeyboardAvoidingProvider.h */ = {isa = PBXFileReference; fileEncoding = 4; lastKnownFileType = sourcecode.c.h; path = EKKeyboardAvoidingProvider.h; sourceTree = "<group>"; };
		D94172B417E8F4DE00C9DB01 /* EKKeyboardAvoidingProvider.m */ = {isa = PBXFileReference; fileEncoding = 4; lastKnownFileType = sourcecode.c.objc; path = EKKeyboardAvoidingProvider.m; sourceTree = "<group>"; };
		D946965C17F98BFB00DE2921 /* NSObject+EKKeyboardAvoiding.h */ = {isa = PBXFileReference; fileEncoding = 4; lastKnownFileType = sourcecode.c.h; path = "NSObject+EKKeyboardAvoiding.h"; sourceTree = "<group>"; };
		D946965D17F98BFB00DE2921 /* NSObject+EKKeyboardAvoiding.m */ = {isa = PBXFileReference; fileEncoding = 4; lastKnownFileType = sourcecode.c.objc; path = "NSObject+EKKeyboardAvoiding.m"; sourceTree = "<group>"; };
		D94CFAB31805ED53002CD9F1 /* EKFakeKeyboard.h */ = {isa = PBXFileReference; fileEncoding = 4; lastKnownFileType = sourcecode.c.h; path = EKFakeKeyboard.h; sourceTree = "<group>"; };
		D94CFAB41805ED53002CD9F1 /* EKFakeKeyboard.m */ = {isa = PBXFileReference; fileEncoding = 4; lastKnownFileType = sourcecode.c.objc; path = EKFakeKeyboard.m; sourceTree = "<group>"; };
		D988E8E3180496E900F3D6C0 /* EKKeyboardFrameListener.h */ = {isa = PBXFileReference; fileEncoding = 4; lastKnownFileType = sourcecode.c.h; path = EKKeyboardFrameListener.h; sourceTree = "<group>"; };
		D988E8E4180496E900F3D6C0 /* EKKeyboardFrameListener.m */ = {isa = PBXFileReference; fileEncoding = 4; lastKnownFileType = sourcecode.c.objc; path = EKKeyboardFrameListener.m; sourceTree = "<group>"; };
		D9AAB5A51821A74500B17A74 /* ContenInsetRotationTest.m */ = {isa = PBXFileReference; fileEncoding = 4; lastKnownFileType = sourcecode.c.objc; path = ContenInsetRotationTest.m; sourceTree = "<group>"; };
		D9AB8733181EE8D7001CB5B9 /* EKFakeKeyboardFrameListener.h */ = {isa = PBXFileReference; fileEncoding = 4; lastKnownFileType = sourcecode.c.h; path = EKFakeKeyboardFrameListener.h; sourceTree = "<group>"; };
		D9AB8734181EE8D7001CB5B9 /* EKFakeKeyboardFrameListener.m */ = {isa = PBXFileReference; fileEncoding = 4; lastKnownFileType = sourcecode.c.objc; path = EKFakeKeyboardFrameListener.m; sourceTree = "<group>"; };
		D9C7141A18366E4700BA9FFB /* EKAvoidingInsetCalculatorTest.m */ = {isa = PBXFileReference; fileEncoding = 4; lastKnownFileType = sourcecode.c.objc; path = EKAvoidingInsetCalculatorTest.m; sourceTree = "<group>"; };
		D9D5B2AB17E8F38600B8184E /* UIScrollView+EKKeyboardAvoiding.h */ = {isa = PBXFileReference; fileEncoding = 4; lastKnownFileType = sourcecode.c.h; path = "UIScrollView+EKKeyboardAvoiding.h"; sourceTree = "<group>"; };
		D9D5B2AC17E8F38600B8184E /* UIScrollView+EKKeyboardAvoiding.m */ = {isa = PBXFileReference; fileEncoding = 4; lastKnownFileType = sourcecode.c.objc; path = "UIScrollView+EKKeyboardAvoiding.m"; sourceTree = "<group>"; };
		D9E868C2171BEC5C00728839 /* EKKeyboardAvoiding-Prefix.pch */ = {isa = PBXFileReference; fileEncoding = 4; lastKnownFileType = sourcecode.c.h; path = "EKKeyboardAvoiding-Prefix.pch"; sourceTree = "<group>"; };
		D9F3BB31166F4B8A00F0DEAE /* libEKKeyboardAvoiding.a */ = {isa = PBXFileReference; explicitFileType = archive.ar; includeInIndex = 0; path = libEKKeyboardAvoiding.a; sourceTree = BUILT_PRODUCTS_DIR; };
		D9F3BB34166F4B8A00F0DEAE /* Foundation.framework */ = {isa = PBXFileReference; lastKnownFileType = wrapper.framework; name = Foundation.framework; path = System/Library/Frameworks/Foundation.framework; sourceTree = SDKROOT; };
		D9F906C017F2D64D00BDDF5F /* EKKeyboardAvoiding-UnitTests.xctest */ = {isa = PBXFileReference; explicitFileType = wrapper.cfbundle; includeInIndex = 0; path = "EKKeyboardAvoiding-UnitTests.xctest"; sourceTree = BUILT_PRODUCTS_DIR; };
		D9F906C117F2D64D00BDDF5F /* XCTest.framework */ = {isa = PBXFileReference; lastKnownFileType = wrapper.framework; name = XCTest.framework; path = Library/Frameworks/XCTest.framework; sourceTree = DEVELOPER_DIR; };
		D9F906C417F2D64D00BDDF5F /* UIKit.framework */ = {isa = PBXFileReference; lastKnownFileType = wrapper.framework; name = UIKit.framework; path = Library/Frameworks/UIKit.framework; sourceTree = DEVELOPER_DIR; };
		D9F906C817F2D64D00BDDF5F /* EKKeyboardAvoiding-UnitTests-Info.plist */ = {isa = PBXFileReference; lastKnownFileType = text.plist.xml; path = "EKKeyboardAvoiding-UnitTests-Info.plist"; sourceTree = "<group>"; };
		D9F906CA17F2D64D00BDDF5F /* en */ = {isa = PBXFileReference; lastKnownFileType = text.plist.strings; name = en; path = en.lproj/InfoPlist.strings; sourceTree = "<group>"; };
		D9F906CE17F2D64D00BDDF5F /* EKKeyboardAvoiding-UnitTests-Prefix.pch */ = {isa = PBXFileReference; lastKnownFileType = sourcecode.c.h; path = "EKKeyboardAvoiding-UnitTests-Prefix.pch"; sourceTree = "<group>"; };
/* End PBXFileReference section */

/* Begin PBXFrameworksBuildPhase section */
		D9F3BB2E166F4B8A00F0DEAE /* Frameworks */ = {
			isa = PBXFrameworksBuildPhase;
			buildActionMask = 2147483647;
			files = (
				D9F3BB35166F4B8A00F0DEAE /* Foundation.framework in Frameworks */,
			);
			runOnlyForDeploymentPostprocessing = 0;
		};
		D9F906BD17F2D64D00BDDF5F /* Frameworks */ = {
			isa = PBXFrameworksBuildPhase;
			buildActionMask = 2147483647;
			files = (
				D9F906C217F2D64D00BDDF5F /* XCTest.framework in Frameworks */,
				D9F906C517F2D64D00BDDF5F /* UIKit.framework in Frameworks */,
				D9F906C317F2D64D00BDDF5F /* Foundation.framework in Frameworks */,
			);
			runOnlyForDeploymentPostprocessing = 0;
		};
/* End PBXFrameworksBuildPhase section */

/* Begin PBXGroup section */
		D94CFAB11805ED2E002CD9F1 /* Tests */ = {
			isa = PBXGroup;
			children = (
				D9B00DCD183E5847008D4864 /* EKKeyboardAvoidingProvider */,
				D9B00DCE183E5850008D4864 /* EKAvoidingInsetcalculator */,
			);
			name = Tests;
			sourceTree = "<group>";
		};
		D94CFAB21805ED37002CD9F1 /* FakeKeyboard */ = {
			isa = PBXGroup;
			children = (
				D94CFAB31805ED53002CD9F1 /* EKFakeKeyboard.h */,
				D94CFAB41805ED53002CD9F1 /* EKFakeKeyboard.m */,
				D9AB8733181EE8D7001CB5B9 /* EKFakeKeyboardFrameListener.h */,
				D9AB8734181EE8D7001CB5B9 /* EKFakeKeyboardFrameListener.m */,
			);
			name = FakeKeyboard;
			sourceTree = "<group>";
		};
		D9B00DC9183E57CD008D4864 /* Categories */ = {
			isa = PBXGroup;
			children = (
				D9D5B2AB17E8F38600B8184E /* UIScrollView+EKKeyboardAvoiding.h */,
				D9D5B2AC17E8F38600B8184E /* UIScrollView+EKKeyboardAvoiding.m */,
				D946965C17F98BFB00DE2921 /* NSObject+EKKeyboardAvoiding.h */,
				D946965D17F98BFB00DE2921 /* NSObject+EKKeyboardAvoiding.m */,
			);
			name = Categories;
			sourceTree = "<group>";
		};
		D9B00DCA183E57D9008D4864 /* EKKeyboardAvoidingProvider */ = {
			isa = PBXGroup;
			children = (
				D94172B317E8F4DE00C9DB01 /* EKKeyboardAvoidingProvider.h */,
				D94172B417E8F4DE00C9DB01 /* EKKeyboardAvoidingProvider.m */,
			);
			name = EKKeyboardAvoidingProvider;
			sourceTree = "<group>";
		};
		D9B00DCB183E57F0008D4864 /* EKAvoidingInsetCalculator */ = {
			isa = PBXGroup;
			children = (
				D92A33A117F2FA0C0052C93D /* EKAvoidingInsetCalculator.h */,
				D92A33A217F2FA0C0052C93D /* EKAvoidingInsetCalculator.m */,
			);
			name = EKAvoidingInsetCalculator;
			sourceTree = "<group>";
		};
		D9B00DCC183E5806008D4864 /* EKKeyboardFrameListener */ = {
			isa = PBXGroup;
			children = (
				D988E8E3180496E900F3D6C0 /* EKKeyboardFrameListener.h */,
				D988E8E4180496E900F3D6C0 /* EKKeyboardFrameListener.m */,
			);
			name = EKKeyboardFrameListener;
			sourceTree = "<group>";
		};
		D9B00DCD183E5847008D4864 /* EKKeyboardAvoidingProvider */ = {
			isa = PBXGroup;
			children = (
				D92A33AA17F4246A0052C93D /* ContentInsetsCalculationTest.m */,
				D9AAB5A51821A74500B17A74 /* ContenInsetRotationTest.m */,
			);
			name = EKKeyboardAvoidingProvider;
			sourceTree = "<group>";
		};
		D9B00DCE183E5850008D4864 /* EKAvoidingInsetcalculator */ = {
			isa = PBXGroup;
			children = (
				D9C7141A18366E4700BA9FFB /* EKAvoidingInsetCalculatorTest.m */,
			);
			name = EKAvoidingInsetcalculator;
			sourceTree = "<group>";
		};
		D9E868C1171BEC5C00728839 /* EKKeyboardAvoiding */ = {
			isa = PBXGroup;
			children = (
				D9B00DCA183E57D9008D4864 /* EKKeyboardAvoidingProvider */,
				D9B00DCB183E57F0008D4864 /* EKAvoidingInsetCalculator */,
				D9B00DCC183E5806008D4864 /* EKKeyboardFrameListener */,
				D9B00DC9183E57CD008D4864 /* Categories */,
				D9E868CE171BEC6A00728839 /* Supporting Files */,
			);
			path = EKKeyboardAvoiding;
			sourceTree = "<group>";
		};
		D9E868CE171BEC6A00728839 /* Supporting Files */ = {
			isa = PBXGroup;
			children = (
				D9E868C2171BEC5C00728839 /* EKKeyboardAvoiding-Prefix.pch */,
			);
			name = "Supporting Files";
			sourceTree = "<group>";
		};
		D9F3BB26166F4B8A00F0DEAE = {
			isa = PBXGroup;
			children = (
				D9E868C1171BEC5C00728839 /* EKKeyboardAvoiding */,
				D9F906C617F2D64D00BDDF5F /* EKKeyboardAvoiding-UnitTests */,
				D9F3BB33166F4B8A00F0DEAE /* Frameworks */,
				D9F3BB32166F4B8A00F0DEAE /* Products */,
			);
			sourceTree = "<group>";
		};
		D9F3BB32166F4B8A00F0DEAE /* Products */ = {
			isa = PBXGroup;
			children = (
				D9F3BB31166F4B8A00F0DEAE /* libEKKeyboardAvoiding.a */,
				D9F906C017F2D64D00BDDF5F /* EKKeyboardAvoiding-UnitTests.xctest */,
			);
			name = Products;
			sourceTree = "<group>";
		};
		D9F3BB33166F4B8A00F0DEAE /* Frameworks */ = {
			isa = PBXGroup;
			children = (
				D9F3BB34166F4B8A00F0DEAE /* Foundation.framework */,
				D9F906C117F2D64D00BDDF5F /* XCTest.framework */,
				D9F906C417F2D64D00BDDF5F /* UIKit.framework */,
			);
			name = Frameworks;
			sourceTree = "<group>";
		};
		D9F906C617F2D64D00BDDF5F /* EKKeyboardAvoiding-UnitTests */ = {
			isa = PBXGroup;
			children = (
				D94CFAB11805ED2E002CD9F1 /* Tests */,
				D94CFAB21805ED37002CD9F1 /* FakeKeyboard */,
				D9F906C717F2D64D00BDDF5F /* Supporting Files */,
			);
			path = "EKKeyboardAvoiding-UnitTests";
			sourceTree = "<group>";
		};
		D9F906C717F2D64D00BDDF5F /* Supporting Files */ = {
			isa = PBXGroup;
			children = (
				D9F906C817F2D64D00BDDF5F /* EKKeyboardAvoiding-UnitTests-Info.plist */,
				D9F906C917F2D64D00BDDF5F /* InfoPlist.strings */,
				D9F906CE17F2D64D00BDDF5F /* EKKeyboardAvoiding-UnitTests-Prefix.pch */,
			);
			name = "Supporting Files";
			sourceTree = "<group>";
		};
/* End PBXGroup section */

/* Begin PBXHeadersBuildPhase section */
		D9F3BB94166F6A7D00F0DEAE /* Headers */ = {
			isa = PBXHeadersBuildPhase;
			buildActionMask = 2147483647;
			files = (
				D94172B517E8F4DE00C9DB01 /* EKKeyboardAvoidingProvider.h in Headers */,
				D9D5B2AD17E8F38600B8184E /* UIScrollView+EKKeyboardAvoiding.h in Headers */,
				D946965E17F98BFB00DE2921 /* NSObject+EKKeyboardAvoiding.h in Headers */,
				D9E868C8171BEC5C00728839 /* EKKeyboardAvoiding-Prefix.pch in Headers */,
				D92A33A317F2FA0C0052C93D /* EKAvoidingInsetCalculator.h in Headers */,
				D988E8E5180496E900F3D6C0 /* EKKeyboardFrameListener.h in Headers */,
				D9AB8735181EE8D7001CB5B9 /* EKFakeKeyboardFrameListener.h in Headers */,
			);
			runOnlyForDeploymentPostprocessing = 0;
		};
/* End PBXHeadersBuildPhase section */

/* Begin PBXNativeTarget section */
		D9F3BB30166F4B8A00F0DEAE /* EKKeyboardAvoiding */ = {
			isa = PBXNativeTarget;
			buildConfigurationList = D9F3BB3F166F4B8B00F0DEAE /* Build configuration list for PBXNativeTarget "EKKeyboardAvoiding" */;
			buildPhases = (
				D9F3BB2D166F4B8A00F0DEAE /* Sources */,
				D9F3BB2E166F4B8A00F0DEAE /* Frameworks */,
				D9F3BB2F166F4B8A00F0DEAE /* CopyFiles */,
				D9F3BB94166F6A7D00F0DEAE /* Headers */,
			);
			buildRules = (
			);
			dependencies = (
			);
			name = EKKeyboardAvoiding;
			productName = EKKeyboardAvoidingScrollView;
			productReference = D9F3BB31166F4B8A00F0DEAE /* libEKKeyboardAvoiding.a */;
			productType = "com.apple.product-type.library.static";
		};
		D9F906BF17F2D64D00BDDF5F /* EKKeyboardAvoiding-UnitTests */ = {
			isa = PBXNativeTarget;
			buildConfigurationList = D9F906D117F2D64D00BDDF5F /* Build configuration list for PBXNativeTarget "EKKeyboardAvoiding-UnitTests" */;
			buildPhases = (
				D9F906BC17F2D64D00BDDF5F /* Sources */,
				D9F906BD17F2D64D00BDDF5F /* Frameworks */,
				D9F906BE17F2D64D00BDDF5F /* Resources */,
			);
			buildRules = (
			);
			dependencies = (
				D9F906D017F2D64D00BDDF5F /* PBXTargetDependency */,
			);
			name = "EKKeyboardAvoiding-UnitTests";
			productName = "EKKeyboardAvoiding-UnitTests";
			productReference = D9F906C017F2D64D00BDDF5F /* EKKeyboardAvoiding-UnitTests.xctest */;
			productType = "com.apple.product-type.bundle.unit-test";
		};
/* End PBXNativeTarget section */

/* Begin PBXProject section */
		D9F3BB28166F4B8A00F0DEAE /* Project object */ = {
			isa = PBXProject;
			attributes = {
				LastUpgradeCheck = 0500;
				ORGANIZATIONNAME = "Evgeniy Kirpichenko";
				TargetAttributes = {
					D9F906BF17F2D64D00BDDF5F = {
						TestTargetID = D9F3BB30166F4B8A00F0DEAE;
					};
				};
			};
			buildConfigurationList = D9F3BB2B166F4B8A00F0DEAE /* Build configuration list for PBXProject "EKKeyboardAvoiding" */;
			compatibilityVersion = "Xcode 3.2";
			developmentRegion = English;
			hasScannedForEncodings = 0;
			knownRegions = (
				en,
			);
			mainGroup = D9F3BB26166F4B8A00F0DEAE;
			productRefGroup = D9F3BB32166F4B8A00F0DEAE /* Products */;
			projectDirPath = "";
			projectRoot = "";
			targets = (
				D9F3BB30166F4B8A00F0DEAE /* EKKeyboardAvoiding */,
				D9F906BF17F2D64D00BDDF5F /* EKKeyboardAvoiding-UnitTests */,
			);
		};
/* End PBXProject section */

/* Begin PBXResourcesBuildPhase section */
		D9F906BE17F2D64D00BDDF5F /* Resources */ = {
			isa = PBXResourcesBuildPhase;
			buildActionMask = 2147483647;
			files = (
				D9F906CB17F2D64D00BDDF5F /* InfoPlist.strings in Resources */,
			);
			runOnlyForDeploymentPostprocessing = 0;
		};
/* End PBXResourcesBuildPhase section */

/* Begin PBXSourcesBuildPhase section */
		D9F3BB2D166F4B8A00F0DEAE /* Sources */ = {
			isa = PBXSourcesBuildPhase;
			buildActionMask = 2147483647;
			files = (
				D988E8E6180496E900F3D6C0 /* EKKeyboardFrameListener.m in Sources */,
				D94172B617E8F4DE00C9DB01 /* EKKeyboardAvoidingProvider.m in Sources */,
				D92A33A417F2FA0C0052C93D /* EKAvoidingInsetCalculator.m in Sources */,
				D946965F17F98BFB00DE2921 /* NSObject+EKKeyboardAvoiding.m in Sources */,
				D9D5B2AE17E8F38600B8184E /* UIScrollView+EKKeyboardAvoiding.m in Sources */,
			);
			runOnlyForDeploymentPostprocessing = 0;
		};
		D9F906BC17F2D64D00BDDF5F /* Sources */ = {
			isa = PBXSourcesBuildPhase;
			buildActionMask = 2147483647;
			files = (
				D9C7141D183679F600BA9FFB /* UIScrollView+EKKeyboardAvoiding.m in Sources */,
				D9C7141E183679F600BA9FFB /* NSObject+EKKeyboardAvoiding.m in Sources */,
				D9C7141F183679F600BA9FFB /* EKKeyboardAvoidingProvider.m in Sources */,
				D9C71420183679F600BA9FFB /* EKAvoidingInsetCalculator.m in Sources */,
				D9C71421183679F600BA9FFB /* EKKeyboardFrameListener.m in Sources */,
				D9C7141C1836768800BA9FFB /* EKFakeKeyboard.m in Sources */,
				D9AB8737181EE8D7001CB5B9 /* EKFakeKeyboardFrameListener.m in Sources */,
				D9B59BC8182989DA00CA251C /* ContenInsetRotationTest.m in Sources */,
				D9C7141B18366E4700BA9FFB /* EKAvoidingInsetCalculatorTest.m in Sources */,
				D92A33AB17F4246A0052C93D /* ContentInsetsCalculationTest.m in Sources */,
			);
			runOnlyForDeploymentPostprocessing = 0;
		};
/* End PBXSourcesBuildPhase section */

/* Begin PBXTargetDependency section */
		D9F906D017F2D64D00BDDF5F /* PBXTargetDependency */ = {
			isa = PBXTargetDependency;
			target = D9F3BB30166F4B8A00F0DEAE /* EKKeyboardAvoiding */;
			targetProxy = D9F906CF17F2D64D00BDDF5F /* PBXContainerItemProxy */;
		};
/* End PBXTargetDependency section */

/* Begin PBXVariantGroup section */
		D9F906C917F2D64D00BDDF5F /* InfoPlist.strings */ = {
			isa = PBXVariantGroup;
			children = (
				D9F906CA17F2D64D00BDDF5F /* en */,
			);
			name = InfoPlist.strings;
			sourceTree = "<group>";
		};
/* End PBXVariantGroup section */

/* Begin XCBuildConfiguration section */
		D9F3BB3D166F4B8A00F0DEAE /* Debug */ = {
			isa = XCBuildConfiguration;
			buildSettings = {
				ALWAYS_SEARCH_USER_PATHS = NO;
				CLANG_CXX_LANGUAGE_STANDARD = "gnu++0x";
				CLANG_CXX_LIBRARY = "libc++";
				CLANG_WARN_EMPTY_BODY = YES;
				CLANG_WARN__DUPLICATE_METHOD_MATCH = YES;
				COPY_PHASE_STRIP = NO;
				GCC_C_LANGUAGE_STANDARD = gnu99;
				GCC_DYNAMIC_NO_PIC = NO;
				GCC_OPTIMIZATION_LEVEL = 0;
				GCC_PREPROCESSOR_DEFINITIONS = (
					"DEBUG=1",
					"$(inherited)",
				);
				GCC_SYMBOLS_PRIVATE_EXTERN = NO;
				GCC_WARN_ABOUT_RETURN_TYPE = YES;
				GCC_WARN_UNINITIALIZED_AUTOS = YES;
				GCC_WARN_UNUSED_VARIABLE = YES;
				IPHONEOS_DEPLOYMENT_TARGET = 6.0;
				ONLY_ACTIVE_ARCH = YES;
				SDKROOT = iphoneos;
			};
			name = Debug;
		};
		D9F3BB3E166F4B8B00F0DEAE /* Release */ = {
			isa = XCBuildConfiguration;
			buildSettings = {
				ALWAYS_SEARCH_USER_PATHS = NO;
				CLANG_CXX_LANGUAGE_STANDARD = "gnu++0x";
				CLANG_CXX_LIBRARY = "libc++";
				CLANG_WARN_EMPTY_BODY = YES;
				CLANG_WARN__DUPLICATE_METHOD_MATCH = YES;
				COPY_PHASE_STRIP = YES;
				GCC_C_LANGUAGE_STANDARD = gnu99;
				GCC_WARN_ABOUT_RETURN_TYPE = YES;
				GCC_WARN_UNINITIALIZED_AUTOS = YES;
				GCC_WARN_UNUSED_VARIABLE = YES;
				IPHONEOS_DEPLOYMENT_TARGET = 6.0;
				SDKROOT = iphoneos;
				VALIDATE_PRODUCT = YES;
			};
			name = Release;
		};
		D9F3BB40166F4B8B00F0DEAE /* Debug */ = {
			isa = XCBuildConfiguration;
			buildSettings = {
				CLANG_ENABLE_OBJC_ARC = YES;
				DSTROOT = /tmp/EKKeyboardAvoidingScrollView.dst;
				GCC_PRECOMPILE_PREFIX_HEADER = YES;
				GCC_PREFIX_HEADER = "EKKeyboardAvoiding/EKKeyboardAvoiding-Prefix.pch";
				OTHER_LDFLAGS = "-ObjC";
				PRODUCT_NAME = EKKeyboardAvoiding;
				SKIP_INSTALL = YES;
			};
			name = Debug;
		};
		D9F3BB41166F4B8B00F0DEAE /* Release */ = {
			isa = XCBuildConfiguration;
			buildSettings = {
				CLANG_ENABLE_OBJC_ARC = YES;
				DSTROOT = /tmp/EKKeyboardAvoidingScrollView.dst;
				GCC_PRECOMPILE_PREFIX_HEADER = YES;
				GCC_PREFIX_HEADER = "EKKeyboardAvoiding/EKKeyboardAvoiding-Prefix.pch";
				OTHER_LDFLAGS = "-ObjC";
				PRODUCT_NAME = EKKeyboardAvoiding;
				SKIP_INSTALL = YES;
			};
			name = Release;
		};
		D9F906D217F2D64D00BDDF5F /* Debug */ = {
			isa = XCBuildConfiguration;
			buildSettings = {
				CLANG_ENABLE_MODULES = YES;
				CLANG_ENABLE_OBJC_ARC = YES;
				CLANG_WARN_BOOL_CONVERSION = YES;
				CLANG_WARN_CONSTANT_CONVERSION = YES;
				CLANG_WARN_DIRECT_OBJC_ISA_USAGE = YES_ERROR;
				CLANG_WARN_ENUM_CONVERSION = YES;
				CLANG_WARN_INT_CONVERSION = YES;
				CLANG_WARN_OBJC_ROOT_CLASS = YES_ERROR;
				FRAMEWORK_SEARCH_PATHS = (
					"$(SDKROOT)/Developer/Library/Frameworks",
					"$(inherited)",
					"$(DEVELOPER_FRAMEWORKS_DIR)",
				);
				GCC_PRECOMPILE_PREFIX_HEADER = YES;
				GCC_PREFIX_HEADER = "EKKeyboardAvoiding-UnitTests/EKKeyboardAvoiding-UnitTests-Prefix.pch";
				GCC_PREPROCESSOR_DEFINITIONS = (
					"DEBUG=1",
					"$(inherited)",
				);
				GCC_WARN_64_TO_32_BIT_CONVERSION = YES;
				GCC_WARN_ABOUT_RETURN_TYPE = YES_ERROR;
				GCC_WARN_UNDECLARED_SELECTOR = YES;
				GCC_WARN_UNUSED_FUNCTION = YES;
				INFOPLIST_FILE = "EKKeyboardAvoiding-UnitTests/EKKeyboardAvoiding-UnitTests-Info.plist";
				IPHONEOS_DEPLOYMENT_TARGET = 7.0;
				PRODUCT_NAME = "$(TARGET_NAME)";
				WRAPPER_EXTENSION = xctest;
			};
			name = Debug;
		};
		D9F906D317F2D64D00BDDF5F /* Release */ = {
			isa = XCBuildConfiguration;
			buildSettings = {
				CLANG_ENABLE_MODULES = YES;
				CLANG_ENABLE_OBJC_ARC = YES;
				CLANG_WARN_BOOL_CONVERSION = YES;
				CLANG_WARN_CONSTANT_CONVERSION = YES;
				CLANG_WARN_DIRECT_OBJC_ISA_USAGE = YES_ERROR;
				CLANG_WARN_ENUM_CONVERSION = YES;
				CLANG_WARN_INT_CONVERSION = YES;
				CLANG_WARN_OBJC_ROOT_CLASS = YES_ERROR;
				ENABLE_NS_ASSERTIONS = NO;
				FRAMEWORK_SEARCH_PATHS = (
					"$(SDKROOT)/Developer/Library/Frameworks",
					"$(inherited)",
					"$(DEVELOPER_FRAMEWORKS_DIR)",
				);
				GCC_PRECOMPILE_PREFIX_HEADER = YES;
				GCC_PREFIX_HEADER = "EKKeyboardAvoiding-UnitTests/EKKeyboardAvoiding-UnitTests-Prefix.pch";
				GCC_WARN_64_TO_32_BIT_CONVERSION = YES;
				GCC_WARN_ABOUT_RETURN_TYPE = YES_ERROR;
				GCC_WARN_UNDECLARED_SELECTOR = YES;
				GCC_WARN_UNUSED_FUNCTION = YES;
				INFOPLIST_FILE = "EKKeyboardAvoiding-UnitTests/EKKeyboardAvoiding-UnitTests-Info.plist";
				IPHONEOS_DEPLOYMENT_TARGET = 7.0;
				PRODUCT_NAME = "$(TARGET_NAME)";
				WRAPPER_EXTENSION = xctest;
			};
			name = Release;
		};
/* End XCBuildConfiguration section */

/* Begin XCConfigurationList section */
		D9F3BB2B166F4B8A00F0DEAE /* Build configuration list for PBXProject "EKKeyboardAvoiding" */ = {
			isa = XCConfigurationList;
			buildConfigurations = (
				D9F3BB3D166F4B8A00F0DEAE /* Debug */,
				D9F3BB3E166F4B8B00F0DEAE /* Release */,
			);
			defaultConfigurationIsVisible = 0;
			defaultConfigurationName = Release;
		};
		D9F3BB3F166F4B8B00F0DEAE /* Build configuration list for PBXNativeTarget "EKKeyboardAvoiding" */ = {
			isa = XCConfigurationList;
			buildConfigurations = (
				D9F3BB40166F4B8B00F0DEAE /* Debug */,
				D9F3BB41166F4B8B00F0DEAE /* Release */,
			);
			defaultConfigurationIsVisible = 0;
			defaultConfigurationName = Release;
		};
		D9F906D117F2D64D00BDDF5F /* Build configuration list for PBXNativeTarget "EKKeyboardAvoiding-UnitTests" */ = {
			isa = XCConfigurationList;
			buildConfigurations = (
				D9F906D217F2D64D00BDDF5F /* Debug */,
				D9F906D317F2D64D00BDDF5F /* Release */,
			);
			defaultConfigurationIsVisible = 0;
			defaultConfigurationName = Release;
		};
/* End XCConfigurationList section */
	};
	rootObject = D9F3BB28166F4B8A00F0DEAE /* Project object */;
}
